github.com/BurntSushi/toml v0.3.1/go.mod h1:xHWCNGjB5oqiDr8zfno3MHue2Ht5sIBksp03qcyfWMU=
github.com/armon/consul-api v0.0.0-20180202201655-eb2c6b5be1b6/go.mod h1:grANhF5doyWs3UAsr3K4I6qtAmlQcZDesFNEHPZAzj8=
github.com/cheekybits/genny v1.0.0 h1:uGGa4nei+j20rOSeDeP5Of12XVm7TGUd4dJA9RDitfE=
github.com/cheekybits/genny v1.0.0/go.mod h1:+tQajlRqAUrPI7DOSpB0XAqZYtQakVtB7wXkRAgjxjQ=
github.com/coreos/etcd v3.3.10+incompatible/go.mod h1:uF7uidLiAD3TWHmW31ZFd/JWoc32PjwdhPthX9715RE=
github.com/coreos/go-etcd v2.0.0+incompatible/go.mod h1:Jez6KQU2B/sWsbdaef3ED8NzMklzPG4d5KIOhIy30Tk=
github.com/coreos/go-semver v0.2.0/go.mod h1:nnelYz7RCh+5ahJtPPxZlU+153eP4D4r3EedlOD2RNk=
github.com/cpuguy83/go-md2man v1.0.10/go.mod h1:SmD6nW6nTyfqj6ABTjUi3V3JVMnlJmwcJI5acqYI6dE=
github.com/davecgh/go-spew v1.1.0/go.mod h1:J7Y8YcW2NihsgmVo/mv3lAwl/skON4iLHjSsI+c5H38=
github.com/davecgh/go-spew v1.1.1/go.mod h1:J7Y8YcW2NihsgmVo/mv3lAwl/skON4iLHjSsI+c5H38=
github.com/eapache/queue v1.1.0 h1:YOEu7KNc61ntiQlcEeUIoDTJ2o8mQznoNvUhiigpIqc=
github.com/eapache/queue v1.1.0/go.mod h1:6eCeP0CKFpHLu8blIFXhExK/dRa7WDZfr6jVFPTqq+I=
github.com/frankenbeanies/uuid4 v0.0.0-20180313125435-68b799ec299a h1:oxdqt7Y3J6/prhpMQ7msE7CanS51pzHb8NF44PCSoXY=
github.com/frankenbeanies/uuid4 v0.0.0-20180313125435-68b799ec299a/go.mod h1:MmPmk1AfyaEzDM+9n93pi02xKEqUgZMj+AL/oX65TDE=
github.com/fsnotify/fsnotify v1.4.7/go.mod h1:jwhsz4b93w/PPRr/qN1Yymfu8t87LnFCMoQvtojpjFo=
github.com/gascore/dom v0.2.2-0.20190611062109-bf287aeb9be4 h1:bQzI/DSe846ip11PtKzJD1/M8vIg1rKJu8Z0P5vSwqg=
github.com/gascore/dom v0.2.2-0.20190611062109-bf287aeb9be4/go.mod h1:/7ZercooCCuLkNI6Ef7z9iMGIY6pTaBS3BHjjctLQto=
github.com/gascore/example v0.0.0-20190618075900-72ba752a0dcf h1:oQ3t2g6sI0KOMYUQiJm2+XYztwBea4GoVjM9iEyZviw=
github.com/gascore/example v0.0.0-20190618075900-72ba752a0dcf/go.mod h1:e+9Kpj7h69bfj5mjcHvj0vtdohCwXgA2nT1+VEWA3JU=
github.com/gascore/gas v0.0.0-20190612053126-40808b6ceae1/go.mod h1:Ie9T1NhbD719W7WdsLryTZiC/LBZ+o6e3vsy5r8GH54=
github.com/gascore/gas v0.0.0-20190618062459-2475a5fc16b1/go.mod h1:Ie9T1NhbD719W7WdsLryTZiC/LBZ+o6e3vsy5r8GH54=
github.com/gascore/gas v0.0.0-20190702075839-9b762acd6283 h1:X4gljYgfhCrShRx1k788q6vredhfItnZqhPkM/nk2SY=
github.com/gascore/gas v0.0.0-20190702075839-9b762acd6283/go.mod h1:VIJq6dMrwKffC7Arrft9KPY6f3SPCK1FN08l07RBgAw=
github.com/gascore/gas v0.0.0-20190706095709-0049cd98bea4 h1:4t5SbAv6hwC2HbOM53OHQ1K7An91c8OmIZOIzzbsCe0=
github.com/gascore/gas v0.0.0-20190706095709-0049cd98bea4/go.mod h1:VIJq6dMrwKffC7Arrft9KPY6f3SPCK1FN08l07RBgAw=
github.com/gascore/gas v0.0.0-20190710122019-c34dbff8668b h1:a8JHZA7vMk0Am6ppvsA3loAYmPrmX+Uv58Rp5o+bzBc=
github.com/gascore/gas v0.0.0-20190710122019-c34dbff8668b/go.mod h1:VIJq6dMrwKffC7Arrft9KPY6f3SPCK1FN08l07RBgAw=
github.com/gascore/gas v0.0.0-20190712065822-f56f1412e91e h1:y8HvwznCXYTvoT30obK6yF25MlZiT4Rs8dv0RN4vGnk=
github.com/gascore/gas v0.0.0-20190712065822-f56f1412e91e/go.mod h1:VIJq6dMrwKffC7Arrft9KPY6f3SPCK1FN08l07RBgAw=
github.com/gascore/gas v0.0.0-20190713061103-ac55a14c37f7 h1:ozMayfnSwQEJIsYm8GtJL/WLiIAqDyg6Yo17Om1e6OA=
github.com/gascore/gas v0.0.0-20190713061103-ac55a14c37f7/go.mod h1:VIJq6dMrwKffC7Arrft9KPY6f3SPCK1FN08l07RBgAw=
github.com/gascore/gas v0.0.0-20190718093852-c504dec168d6 h1:gcB6GFo6govyasmrYnSwfAyCHflzziQTIZIK/As0fSA=
github.com/gascore/gas v0.0.0-20190718093852-c504dec168d6/go.mod h1:VIJq6dMrwKffC7Arrft9KPY6f3SPCK1FN08l07RBgAw=
github.com/gascore/gas v0.0.0-20190719104309-dc0c8741f7a5 h1:q3sp5FbGq2FBhXUmhharSwNSTZPB7jskCT9dCS7m04o=
github.com/gascore/gas v0.0.0-20190719104309-dc0c8741f7a5/go.mod h1:VIJq6dMrwKffC7Arrft9KPY6f3SPCK1FN08l07RBgAw=
github.com/gascore/gas v0.0.0-20190720095540-2d02b2ea2118 h1:rQvMkq2SzuCW2cvlajf76Jjux03ybjWpI0n6naSQJfI=
github.com/gascore/gas v0.0.0-20190720095540-2d02b2ea2118/go.mod h1:VIJq6dMrwKffC7Arrft9KPY6f3SPCK1FN08l07RBgAw=
github.com/gascore/gas v0.0.0-20190720095919-ef4be14becac h1:36WjhDR5FMTKrguZhE9sFzZDAveNc4TGaFzV0honc2k=
github.com/gascore/gas v0.0.0-20190720095919-ef4be14becac/go.mod h1:VIJq6dMrwKffC7Arrft9KPY6f3SPCK1FN08l07RBgAw=
github.com/gascore/gas v0.0.0-20190720125416-69b32341d277 h1:n8/g65Xeuh4luuZBP6qBx7sm0+HXzJKhnWSGgVKhaYE=
github.com/gascore/gas v0.0.0-20190720125416-69b32341d277/go.mod h1:VIJq6dMrwKffC7Arrft9KPY6f3SPCK1FN08l07RBgAw=
github.com/gascore/gas v0.0.0-20190721153927-6c0bce5de61b h1:NXIYctdzkjRc6A0mGBe4h8t4Dtfvltj/6VDSxE0uIyY=
github.com/gascore/gas v0.0.0-20190721153927-6c0bce5de61b/go.mod h1:BgWK0MU2H3HFRByBlwFEFJ1vXD1PZ95ker4bXyPLckI=
github.com/gascore/gas v0.0.0-20190725083320-1e91bc31033b h1:P3TPikexX7UtxQKWPi+2tGB2Sd1zSNwW2vVEnAbIHp0=
github.com/gascore/gas v0.0.0-20190725083320-1e91bc31033b/go.mod h1:Ie9T1NhbD719W7WdsLryTZiC/LBZ+o6e3vsy5r8GH54=
github.com/gascore/gas v0.0.0-20190727090355-4b3abd94b41b h1:p1/MBJcLPkcghOtPLMn5LIYhf5B70BsWSJVN30GzSa4=
github.com/gascore/gas v0.0.0-20190727090355-4b3abd94b41b/go.mod h1:Ie9T1NhbD719W7WdsLryTZiC/LBZ+o6e3vsy5r8GH54=
github.com/gascore/gas v0.0.0-20190729134409-88d0bb373830 h1:WX3aKgtS7C2olUMI2PCoPeOp4YrbNcTytmsT6XUCC28=
github.com/gascore/gas v0.0.0-20190729134409-88d0bb373830/go.mod h1:Ie9T1NhbD719W7WdsLryTZiC/LBZ+o6e3vsy5r8GH54=
github.com/gascore/gas v0.0.0-20190730170112-c1c949483d11 h1:tsFreLGnbVxO7VHdywPCmjpushZQ6FUKyX6joHLi/BU=
github.com/gascore/gas v0.0.0-20190730170112-c1c949483d11/go.mod h1:Ie9T1NhbD719W7WdsLryTZiC/LBZ+o6e3vsy5r8GH54=
github.com/gascore/gas v0.0.0-20190731094612-06228b435201 h1:hLISUmyIomwEU+W89QHh/Hiiw2EdFmTeJ4EIW7PO3jM=
github.com/gascore/gas v0.0.0-20190731094612-06228b435201/go.mod h1:Ie9T1NhbD719W7WdsLryTZiC/LBZ+o6e3vsy5r8GH54=
github.com/gascore/gas v0.0.0-20190801114453-c0253f205cf4 h1:v8YP/czXx+yibIt6MhDyfRLoFp/hxOFwYVkXad+K81I=
github.com/gascore/gas v0.0.0-20190801114453-c0253f205cf4/go.mod h1:Ie9T1NhbD719W7WdsLryTZiC/LBZ+o6e3vsy5r8GH54=
github.com/gascore/gas v0.0.0-20190802082728-6a523f3c2092 h1:/Y+vH7e+et7xpqeACmfegLeIHAqOf6w2JBg2/Pqu2dM=
github.com/gascore/gas v0.0.0-20190802082728-6a523f3c2092/go.mod h1:Ie9T1NhbD719W7WdsLryTZiC/LBZ+o6e3vsy5r8GH54=
github.com/gascore/std v0.0.0-20190618063601-e7dee8fdb9e5/go.mod h1:HqD+yvU3BCT7kl6NHSe9wu/XhzSP7+hCeTsZrdcDqvE=
github.com/gascore/std v0.0.0-20190702074601-22232cfa07a3 h1:d0AW3r82lHxBHBj3Xx5Xq7TeZxqlMdL5GQXyVjemrB0=
github.com/gascore/std v0.0.0-20190702074601-22232cfa07a3/go.mod h1:wrowFAdlFnDb/F/llWjAxVM6oTXLd62zjtjRF5uRy2E=
github.com/gascore/std v0.0.0-20190706095637-c76dd41eb02a h1:EgFI/xrKIovdUikMTYcKmQVtRC6YBN9g3L7jnEUCy9E=
github.com/gascore/std v0.0.0-20190706095637-c76dd41eb02a/go.mod h1:wrowFAdlFnDb/F/llWjAxVM6oTXLd62zjtjRF5uRy2E=
github.com/gascore/std v0.0.0-20190710121949-716c0962f387 h1:gmTEBl1il3CAipRiUttqPcZDSUr5kpWLMfER7kQSCM0=
github.com/gascore/std v0.0.0-20190710121949-716c0962f387/go.mod h1:wrowFAdlFnDb/F/llWjAxVM6oTXLd62zjtjRF5uRy2E=
github.com/gascore/std v0.0.0-20190712065847-95b681fe16a6 h1:Q7zJcoj84IP2H0R3qq7HBvhbhF/cHNb6YM7yisPgO7w=
github.com/gascore/std v0.0.0-20190712065847-95b681fe16a6/go.mod h1:wrowFAdlFnDb/F/llWjAxVM6oTXLd62zjtjRF5uRy2E=
github.com/gascore/std v0.0.0-20190713060925-326bf866a8df h1:Jo9829/Soh5RoprHE4D4HlT7bBp9SSVxAU0aTJDwN3w=
github.com/gascore/std v0.0.0-20190713060925-326bf866a8df/go.mod h1:edSpPBqEPaE7AFQrcczG694NHQmGDiWEOLw6KSgs6LA=
github.com/gascore/std v0.0.0-20190718094442-aefb12ea6c03 h1:U/gxfjcCDe66rxgWQkI55qz6rFs7ZX31nfFp5mRK7zw=
github.com/gascore/std v0.0.0-20190718094442-aefb12ea6c03/go.mod h1:CE90Cx1ptGcrG2MTfMrBVszZnQs0NX2dFaGq0bgWkT4=
github.com/gascore/std v0.0.0-20190725080730-478c73425321 h1:FZDTE66Yz6yBXtSmVdfORQY9/UJx+dSzRnphnAnKLbA=
github.com/gascore/std v0.0.0-20190725080730-478c73425321/go.mod h1:jy3yab8RZEsk2HG6uSJruNaIgoeFYn6rDX7vYXVCQig=
github.com/gascore/std v0.0.0-20190725083356-785a83127d3e h1:Nvfu0LharvIYfb1x3vlnhCKwM9MF6d+EpcI8gvEM6QY=
github.com/gascore/std v0.0.0-20190725083356-785a83127d3e/go.mod h1:Mhnm7Gh3MUa4hkZ6t8wfl1zSmqWBLKr3ad2rl3I7nVs=
github.com/gascore/std v0.0.0-20190727090442-512b54f4f81b h1:JJUN2eZ4pQZf2hSPT99NCe2kAlcJpSFnvshm20ItZqQ=
github.com/gascore/std v0.0.0-20190727090442-512b54f4f81b/go.mod h1:BJaRIEKHbVN1UApw932SsHJ075n+7KTf1E+84fKr1sM=
github.com/gascore/std v0.0.0-20190729084834-78ed99c08a41 h1:rmZarXcZZ8p/VdOtNkyKwJ45sSHQF3GNdqnmCR2w5HI=
github.com/gascore/std v0.0.0-20190729084834-78ed99c08a41/go.mod h1:BJaRIEKHbVN1UApw932SsHJ075n+7KTf1E+84fKr1sM=
github.com/gascore/std v0.0.0-20190729134715-07d30ae3f02e h1:QdNk6uBNlFbPW6aQiU0/KVFsiyFtf8UhwdSd/R2yyr0=
github.com/gascore/std v0.0.0-20190729134715-07d30ae3f02e/go.mod h1:/2oQn/WOmFAIzSnHJrVp2yZDe1W3OOGNfRyN6aG1Uj0=
github.com/gascore/std v0.0.0-20190730170306-fd0e800f883a h1:ohhawOk1yKCUilGMHwKj6EbcLo4A+RqLh4ARAjyALaA=
github.com/gascore/std v0.0.0-20190730170306-fd0e800f883a/go.mod h1:oUpobIHpCiSCgVb+axW2lICSO6s8YBXbXVMo2yIS1Wc=
github.com/gascore/std v0.0.0-20190801114545-1948159b689e h1:YXEPNpsJsF/6jVv5bxXPsBROU8DFW5a3+6xIq8eOERE=
github.com/gascore/std v0.0.0-20190801114545-1948159b689e/go.mod h1:VRDDqbnWJdL38Ie4cX/gprLwDOXuAd5XmDOxNcINxZA=
github.com/gopherjs/gopherjs v0.0.0-20190430165422-3e4dfb77656c/go.mod h1:wJfORRmW1u3UXTncJ5qlYoELFm8eSnnEO6hX4iZ3EWY=
github.com/gorilla/websocket v1.4.0/go.mod h1:E7qHFY5m1UJ88s3WnNqhKjPHQ0heANvMoAMk2YaljkQ=
github.com/hashicorp/hcl v1.0.0/go.mod h1:E5yfLk+7swimpb2L/Alb/PJmXilQ/rhwaUYs4T20WEQ=
github.com/inconshreveable/mousetrap v1.0.0/go.mod h1:PxqpIevigyE2G7u3NXJIT2ANytuPF1OarO4DADm73n8=
github.com/kisielk/gotool v1.0.0/go.mod h1:XhKaO+MFFWcvkIS/tQcRk01m1F5IRFswLeQ+oQHNcck=
github.com/magiconair/properties v1.8.0/go.mod h1:PppfXfuXeibc/6YijjN8zIbojt8czPbwD3XqdrwzmxQ=
github.com/mitchellh/go-homedir v1.1.0/go.mod h1:SfyaCUpYCn1Vlf4IUYiD9fPX4A5wJrkLzIz1N1q0pr0=
github.com/mitchellh/mapstructure v1.1.2/go.mod h1:FVVH3fgwuzCH5S8UJGiWEs2h04kUh9fWfEaFds41c1Y=
github.com/neelance/astrewrite v0.0.0-20160511093645-99348263ae86/go.mod h1:kHJEU3ofeGjhHklVoIGuVj85JJwZ6kWPaJwCIxgnFmo=
github.com/neelance/sourcemap v0.0.0-20151028013722-8c68805598ab/go.mod h1:Qr6/a/Q4r9LP1IltGz7tA7iOK1WonHEYhu1HRBA7ZiM=
github.com/pelletier/go-toml v1.2.0/go.mod h1:5z9KED0ma1S8pY6P1sdut58dfprrGBbd/94hg7ilaic=
github.com/pmezard/go-difflib v1.0.0/go.mod h1:iKH77koFhYxTK1pcRnkKkqfTogsbg7gZNVY4sRDYZ/4=
github.com/russross/blackfriday v1.5.2/go.mod h1:JO/DiYxRf+HjHt06OyowR9PTA263kcR/rfWxYHBV53g=
github.com/shurcooL/httpfs v0.0.0-20190527155220-6a4d4a70508b/go.mod h1:ZY1cvUeJuFPAdZ/B6v7RHavJWZn2YPVFQ1OSXhCGOkg=
github.com/spf13/afero v1.1.2/go.mod h1:j4pytiNVoe2o6bmDsKpLACNPDBIoEAkihy7loJ1B0CQ=
github.com/spf13/cast v1.3.0/go.mod h1:Qx5cxh0v+4UWYiBimWS+eyWzqEqokIECu5etghLkUJE=
github.com/spf13/cobra v0.0.5/go.mod h1:3K3wKZymM7VvHMDS9+Akkh4K60UwM26emMESw8tLCHU=
github.com/spf13/jwalterweatherman v1.0.0/go.mod h1:cQK4TGJAtQXfYWX+Ddv3mKDzgVb68N+wFjFa4jdeBTo=
github.com/spf13/pflag v1.0.3/go.mod h1:DYY7MBk1bdzusC3SYhjObp+wFpr4gzcvqqNjLnInEg4=
github.com/spf13/viper v1.3.2/go.mod h1:ZiWeW+zYFKm7srdB9IoDzzZXaJaI5eL9QjNiN/DMA2s=
github.com/stretchr/objx v0.1.0/go.mod h1:HFkY916IF+rwdDfMAkV7OtwuqBVzrE8GR6GFx+wExME=
github.com/stretchr/testify v1.2.2/go.mod h1:a8OnRcib4nhh0OaRAV+Yts87kKdq0PP7pXfy6kDkUVs=
github.com/stretchr/testify v1.3.0/go.mod h1:M5WIy9Dh21IEIfnGCwXGc5bZfKNJtfHm1UVUgZn+9EI=
github.com/ugorji/go/codec v0.0.0-20181204163529-d75b2dcb6bc8/go.mod h1:VFNgLljTbGfSG7qAOspJ7OScBnGdDN/yBr0sguwnwf0=
github.com/xordataexchange/crypt v0.0.3-0.20170626215501-b2862e3d0a77/go.mod h1:aYKd//L2LvnjZzWKhF00oedf4jCCReLcmhLdhm1A27Q=
gitlab.com/golang-commonmark/html v0.0.0-20180917080848-cfaf75183c4a h1:Ax7kdHNICZiIeFpmevmaEWb0Ae3BUj3zCTKhZHZ+zd0=
gitlab.com/golang-commonmark/html v0.0.0-20180917080848-cfaf75183c4a/go.mod h1:JT4uoTz0tfPoyVH88GZoWDNm5NHJI2VbUW+eyPClueI=
gitlab.com/golang-commonmark/linkify v0.0.0-20180917065525-c22b7bdb1179 h1:rbON2KwBnWuFMlSHM8LELLlwroDRZw6xv0e6il6e5dk=
gitlab.com/golang-commonmark/linkify v0.0.0-20180917065525-c22b7bdb1179/go.mod h1:Gn+LZmCrhPECMD3SOKlE+BOHwhOYD9j7WT9NUtkCrC8=
gitlab.com/golang-commonmark/markdown v0.0.0-20181102083822-772775880e1f h1:jwXy/CsM4xS2aoiF2fHAlukmInWhd2TlWB+HDCyvzKc=
gitlab.com/golang-commonmark/markdown v0.0.0-20181102083822-772775880e1f/go.mod h1:SIHlEr9462fpIfTrVWf3GqQDxnA65Vm3BMMsUtuA6W0=
gitlab.com/golang-commonmark/mdurl v0.0.0-20180912090424-e5bce34c34f2 h1:wD/sPUgx2QJFPTyXZpJnLaROolfeKuruh06U4pRV0WY=
gitlab.com/golang-commonmark/mdurl v0.0.0-20180912090424-e5bce34c34f2/go.mod h1:wQk4rLkWrdOPjUAtqJRJ10hIlseLSVYWP95PLrjDF9s=
gitlab.com/golang-commonmark/puny v0.0.0-20180912090636-2cd490539afe h1:5kUPFAF52umOUPH12MuNUmyVTseJRNBftDl/KfsvX3I=
gitlab.com/golang-commonmark/puny v0.0.0-20180912090636-2cd490539afe/go.mod h1:P9LSM1KVzrIstFgUaveuwiAm8PK5VTB3yJEU8kqlbrU=
golang.org/x/crypto v0.0.0-20181203042331-505ab145d0a9/go.mod h1:6SG95UA2DQfeDnfUPMdvaQW0Q7yPrPDi9nlGo2tz2b4=
golang.org/x/crypto v0.0.0-20190308221718-c2843e01d9a2/go.mod h1:djNgcEr1/C05ACkg1iLfiJU5Ep61QUkGW8qpdssI0+w=
golang.org/x/crypto v0.0.0-20190611184440-5c40567a22f8/go.mod h1:yigFU9vqHzYiE8UmvKecakEJjdnWj3jj499lnFckfCI=
golang.org/x/net v0.0.0-20190404232315-eb5bcb51f2a3/go.mod h1:t9HGtf8HONx5eT2rtn7q6eTqICYqUVnKs3thJo3Qplg=
golang.org/x/net v0.0.0-20190620200207-3b0461eec859/go.mod h1:z5CRVTTTmAJ677TzLLGU+0bjPO0LkuOLi4/5GtJWs/s=
golang.org/x/sync v0.0.0-20190423024810-112230192c58/go.mod h1:RxMgew5VJxzue5/jJTE5uejpjVlOe/izrB70Jof72aM=
golang.org/x/sys v0.0.0-20181205085412-a5c9d58dba9a/go.mod h1:STP8DvDyc/dI5b8T5hshtkjS+E42TnysNCUPdjciGhY=
golang.org/x/sys v0.0.0-20190215142949-d0b11bdaac8a/go.mod h1:STP8DvDyc/dI5b8T5hshtkjS+E42TnysNCUPdjciGhY=
golang.org/x/sys v0.0.0-20190412213103-97732733099d/go.mod h1:h1NjWce9XRLGQEsW7wpKNCjG9DtNlClVuFLEZdDNbEs=
golang.org/x/sys v0.0.0-20190614084037-d442b75600c5/go.mod h1:h1NjWce9XRLGQEsW7wpKNCjG9DtNlClVuFLEZdDNbEs=
golang.org/x/text v0.3.0/go.mod h1:NqM8EUOU14njkJ3fqMW+pc6Ldnwhi/IjpwHt7yyuwOQ=
golang.org/x/text v0.3.2 h1:tW2bmiBqwgJj/UpqtC8EpXEZVYOwU0yG4iWbprSVAcs=
golang.org/x/text v0.3.2/go.mod h1:bEr9sfX3Q8Zfm5fL9x+3itogRgK3+ptLWKqgva+5dAk=
golang.org/x/tools v0.0.0-20180917221912-90fa682c2a6e/go.mod h1:n7NCudcB/nEzxVGmLbDWY5pfWTLqBcC2KZ6jyYvM4mQ=
golang.org/x/tools v0.0.0-20190719005602-e377ae9d6386/go.mod h1:jcCCGcm9btYwXyDqrUWc6MKQKKGJCWEQ3AfLSRIbEuI=
gopkg.in/check.v1 v0.0.0-20161208181325-20d25e280405/go.mod h1:Co6ibVJAznAaIkqp8huTwlJQCZ016jof/cbN4VW5Yz0=
gopkg.in/yaml.v2 v2.2.2/go.mod h1:hI93XBmqTisBFMUTm0b8Fm+jr3Dg1NNxqwp+5A1VGuI=
